
Microsoft Visual Studio Solution File, Format Version 12.00
# Visual Studio Version 17
VisualStudioVersion = 17.8.34322.80
MinimumVisualStudioVersion = 10.0.40219.1
Project("{FAE04EC0-301F-11D3-BF4B-00C04F79EFBC}") = "WebAPI", "WebAPI\WebAPI.csproj", "{01BA99D6-A7A7-4ADF-828E-DB40EA191E4E}"
EndProject
Global
	GlobalSection(SolutionConfigurationPlatforms) = preSolution
		Debug|Any CPU = Debug|Any CPU
		Release|Any CPU = Release|Any CPU
	EndGlobalSection
	GlobalSection(ProjectConfigurationPlatforms) = postSolution
		{01BA99D6-A7A7-4ADF-828E-DB40EA191E4E}.Debug|Any CPU.ActiveCfg = Debug|Any CPU
		{01BA99D6-A7A7-4ADF-828E-DB40EA191E4E}.Debug|Any CPU.Build.0 = Debug|Any CPU
		{01BA99D6-A7A7-4ADF-828E-DB40EA191E4E}.Release|Any CPU.ActiveCfg = Release|Any CPU
		{01BA99D6-A7A7-4ADF-828E-DB40EA191E4E}.Release|Any CPU.Build.0 = Release|Any CPU
	EndGlobalSection
	GlobalSection(SolutionProperties) = preSolution
		HideSolutionNode = FALSE
	EndGlobalSection
	GlobalSection(ExtensibilityGlobals) = postSolution
		SolutionGuid = {F481FEFC-4D4A-4433-96E0-6A2EFCD13E4F}
	EndGlobalSection
EndGlobal
